// !$*UTF8*$!
{
	archiveVersion = 1;
	classes = {
	};
	objectVersion = 56;
	objects = {

/* Begin PBXBuildFile section */
		2C18BC312BBC157C0009A462 /* Chubby_Chowdown_Sweet_Delight_DropApp.swift in Sources */ = {isa = PBXBuildFile; fileRef = 2C18BC302BBC157C0009A462 /* Chubby_Chowdown_Sweet_Delight_DropApp.swift */; };
		2C18BC332BBC157C0009A462 /* ContentView.swift in Sources */ = {isa = PBXBuildFile; fileRef = 2C18BC322BBC157C0009A462 /* ContentView.swift */; };
		2C18BC382BBC157D0009A462 /* Preview Assets.xcassets in Resources */ = {isa = PBXBuildFile; fileRef = 2C18BC372BBC157D0009A462 /* Preview Assets.xcassets */; };
		2C18BC412BC15EEF0009A462 /* Assets.xcassets in Resources */ = {isa = PBXBuildFile; fileRef = 2C18BC402BC15EEF0009A462 /* Assets.xcassets */; };
		2C20DAAB2C399CEC001B3A05 /* eat.wav in Resources */ = {isa = PBXBuildFile; fileRef = 2C20DAAA2C399CEC001B3A05 /* eat.wav */; };
		2C5AB7182C3960880026EA5A /* SoundManager.swift in Sources */ = {isa = PBXBuildFile; fileRef = 2C5AB7172C3960880026EA5A /* SoundManager.swift */; };
		2C5AB7212C39627D0026EA5A /* bgm6.wav in Resources */ = {isa = PBXBuildFile; fileRef = 2C5AB71B2C39627C0026EA5A /* bgm6.wav */; };
		2C5AB7222C39627D0026EA5A /* bgm1.wav in Resources */ = {isa = PBXBuildFile; fileRef = 2C5AB71C2C39627C0026EA5A /* bgm1.wav */; };
		2C5AB7232C39627D0026EA5A /* bgm2.wav in Resources */ = {isa = PBXBuildFile; fileRef = 2C5AB71D2C39627C0026EA5A /* bgm2.wav */; };
		2C5AB7242C39627D0026EA5A /* bgm4.wav in Resources */ = {isa = PBXBuildFile; fileRef = 2C5AB71E2C39627C0026EA5A /* bgm4.wav */; };
		2C5AB7252C39627D0026EA5A /* bgm5.wav in Resources */ = {isa = PBXBuildFile; fileRef = 2C5AB71F2C39627C0026EA5A /* bgm5.wav */; };
		2C5AB7262C39627D0026EA5A /* bgm3.wav in Resources */ = {isa = PBXBuildFile; fileRef = 2C5AB7202C39627D0026EA5A /* bgm3.wav */; };
		2C5AB7632C3992A90026EA5A /* candy_19.json in Resources */ = {isa = PBXBuildFile; fileRef = 2C5AB74F2C3992A80026EA5A /* candy_19.json */; };
		2C5AB7642C3992A90026EA5A /* candy_7.json in Resources */ = {isa = PBXBuildFile; fileRef = 2C5AB7502C3992A80026EA5A /* candy_7.json */; };
		2C5AB7652C3992A90026EA5A /* candy_13.json in Resources */ = {isa = PBXBuildFile; fileRef = 2C5AB7512C3992A80026EA5A /* candy_13.json */; };
		2C5AB7662C3992A90026EA5A /* candy_14.json in Resources */ = {isa = PBXBuildFile; fileRef = 2C5AB7522C3992A80026EA5A /* candy_14.json */; };
		2C5AB7672C3992A90026EA5A /* candy_2.json in Resources */ = {isa = PBXBuildFile; fileRef = 2C5AB7532C3992A80026EA5A /* candy_2.json */; };
		2C5AB7682C3992A90026EA5A /* candy_6.json in Resources */ = {isa = PBXBuildFile; fileRef = 2C5AB7542C3992A80026EA5A /* candy_6.json */; };
		2C5AB7692C3992A90026EA5A /* candy_1.json in Resources */ = {isa = PBXBuildFile; fileRef = 2C5AB7552C3992A80026EA5A /* candy_1.json */; };
		2C5AB76A2C3992A90026EA5A /* candy_11.json in Resources */ = {isa = PBXBuildFile; fileRef = 2C5AB7562C3992A80026EA5A /* candy_11.json */; };
		2C5AB76B2C3992A90026EA5A /* candy_8.json in Resources */ = {isa = PBXBuildFile; fileRef = 2C5AB7572C3992A80026EA5A /* candy_8.json */; };
		2C5AB76C2C3992A90026EA5A /* candy_3.json in Resources */ = {isa = PBXBuildFile; fileRef = 2C5AB7582C3992A80026EA5A /* candy_3.json */; };
		2C5AB76D2C3992A90026EA5A /* candy_17.json in Resources */ = {isa = PBXBuildFile; fileRef = 2C5AB7592C3992A80026EA5A /* candy_17.json */; };
		2C5AB76E2C3992A90026EA5A /* candy_18.json in Resources */ = {isa = PBXBuildFile; fileRef = 2C5AB75A2C3992A90026EA5A /* candy_18.json */; };
		2C5AB76F2C3992A90026EA5A /* candy_5.json in Resources */ = {isa = PBXBuildFile; fileRef = 2C5AB75B2C3992A90026EA5A /* candy_5.json */; };
		2C5AB7702C3992A90026EA5A /* candy_4.json in Resources */ = {isa = PBXBuildFile; fileRef = 2C5AB75C2C3992A90026EA5A /* candy_4.json */; };
		2C5AB7712C3992A90026EA5A /* candy_20.json in Resources */ = {isa = PBXBuildFile; fileRef = 2C5AB75D2C3992A90026EA5A /* candy_20.json */; };
		2C5AB7722C3992A90026EA5A /* candy_10.json in Resources */ = {isa = PBXBuildFile; fileRef = 2C5AB75E2C3992A90026EA5A /* candy_10.json */; };
		2C5AB7732C3992A90026EA5A /* candy_16.json in Resources */ = {isa = PBXBuildFile; fileRef = 2C5AB75F2C3992A90026EA5A /* candy_16.json */; };
		2C5AB7742C3992A90026EA5A /* candy_9.json in Resources */ = {isa = PBXBuildFile; fileRef = 2C5AB7602C3992A90026EA5A /* candy_9.json */; };
		2C5AB7752C3992A90026EA5A /* candy_15.json in Resources */ = {isa = PBXBuildFile; fileRef = 2C5AB7612C3992A90026EA5A /* candy_15.json */; };
		2C5AB7762C3992A90026EA5A /* candy_12.json in Resources */ = {isa = PBXBuildFile; fileRef = 2C5AB7622C3992A90026EA5A /* candy_12.json */; };
		2C6104BC2C35B75200BFFCFF /* roundel-eat.json in Resources */ = {isa = PBXBuildFile; fileRef = 2C6104BB2C35B75200BFFCFF /* roundel-eat.json */; };
		2C6104BE2C35B75900BFFCFF /* roundel-idle.json in Resources */ = {isa = PBXBuildFile; fileRef = 2C6104BD2C35B75900BFFCFF /* roundel-idle.json */; };
		2C6104C02C35B75F00BFFCFF /* roundel-walk_left.json in Resources */ = {isa = PBXBuildFile; fileRef = 2C6104BF2C35B75F00BFFCFF /* roundel-walk_left.json */; };
		2C6104C22C35B76500BFFCFF /* roundel-walk_right.json in Resources */ = {isa = PBXBuildFile; fileRef = 2C6104C12C35B76500BFFCFF /* roundel-walk_right.json */; };
		2C6104CB2C36BCFB00BFFCFF /* GameView.swift in Sources */ = {isa = PBXBuildFile; fileRef = 2C6104CA2C36BCFB00BFFCFF /* GameView.swift */; };
		2C6104CF2C36EBB600BFFCFF /* CharacterModel.swift in Sources */ = {isa = PBXBuildFile; fileRef = 2C6104CE2C36EBB600BFFCFF /* CharacterModel.swift */; };
		2C6104D12C36EBEE00BFFCFF /* CharacterViewModel.swift in Sources */ = {isa = PBXBuildFile; fileRef = 2C6104D02C36EBEE00BFFCFF /* CharacterViewModel.swift */; };
		2C6104D32C36F08800BFFCFF /* CandyModel.swift in Sources */ = {isa = PBXBuildFile; fileRef = 2C6104D22C36F08800BFFCFF /* CandyModel.swift */; };
		2C6104D52C36F0AD00BFFCFF /* CandyViewModel.swift in Sources */ = {isa = PBXBuildFile; fileRef = 2C6104D42C36F0AD00BFFCFF /* CandyViewModel.swift */; };
		2CAE287F2C3563A900E1EF5C /* Lottie in Frameworks */ = {isa = PBXBuildFile; productRef = 2CAE287E2C3563A900E1EF5C /* Lottie */; };
		2CC725182C403D32009A9491 /* data.json in Resources */ = {isa = PBXBuildFile; fileRef = 2CC725172C403D32009A9491 /* data.json */; };
		2CC7251A2C403EDA009A9491 /* background.json in Resources */ = {isa = PBXBuildFile; fileRef = 2CC725192C403EDA009A9491 /* background.json */; };
		2CDE87812C36F99400AFB374 /* GameOverView.swift in Sources */ = {isa = PBXBuildFile; fileRef = 2CDE87802C36F99400AFB374 /* GameOverView.swift */; };
		2CDE87832C36FA6800AFB374 /* MenuView.swift in Sources */ = {isa = PBXBuildFile; fileRef = 2CDE87822C36FA6800AFB374 /* MenuView.swift */; };
		2CDE87852C37059000AFB374 /* PauseView.swift in Sources */ = {isa = PBXBuildFile; fileRef = 2CDE87842C37059000AFB374 /* PauseView.swift */; };
/* End PBXBuildFile section */

/* Begin PBXFileReference section */
		2C18BC2D2BBC157C0009A462 /* Chubby Chowdown Sweet Delight Drop.app */ = {isa = PBXFileReference; explicitFileType = wrapper.application; includeInIndex = 0; path = "Chubby Chowdown Sweet Delight Drop.app"; sourceTree = BUILT_PRODUCTS_DIR; };
		2C18BC302BBC157C0009A462 /* Chubby_Chowdown_Sweet_Delight_DropApp.swift */ = {isa = PBXFileReference; lastKnownFileType = sourcecode.swift; path = Chubby_Chowdown_Sweet_Delight_DropApp.swift; sourceTree = "<group>"; };
		2C18BC322BBC157C0009A462 /* ContentView.swift */ = {isa = PBXFileReference; lastKnownFileType = sourcecode.swift; path = ContentView.swift; sourceTree = "<group>"; };
		2C18BC372BBC157D0009A462 /* Preview Assets.xcassets */ = {isa = PBXFileReference; lastKnownFileType = folder.assetcatalog; path = "Preview Assets.xcassets"; sourceTree = "<group>"; };
		2C18BC402BC15EEF0009A462 /* Assets.xcassets */ = {isa = PBXFileReference; lastKnownFileType = folder.assetcatalog; path = Assets.xcassets; sourceTree = "<group>"; };
		2C20DAAA2C399CEC001B3A05 /* eat.wav */ = {isa = PBXFileReference; lastKnownFileType = audio.wav; path = eat.wav; sourceTree = "<group>"; };
		2C5AB7172C3960880026EA5A /* SoundManager.swift */ = {isa = PBXFileReference; lastKnownFileType = sourcecode.swift; path = SoundManager.swift; sourceTree = "<group>"; };
		2C5AB71B2C39627C0026EA5A /* bgm6.wav */ = {isa = PBXFileReference; lastKnownFileType = audio.wav; path = bgm6.wav; sourceTree = "<group>"; };
		2C5AB71C2C39627C0026EA5A /* bgm1.wav */ = {isa = PBXFileReference; lastKnownFileType = audio.wav; path = bgm1.wav; sourceTree = "<group>"; };
		2C5AB71D2C39627C0026EA5A /* bgm2.wav */ = {isa = PBXFileReference; lastKnownFileType = audio.wav; path = bgm2.wav; sourceTree = "<group>"; };
		2C5AB71E2C39627C0026EA5A /* bgm4.wav */ = {isa = PBXFileReference; lastKnownFileType = audio.wav; path = bgm4.wav; sourceTree = "<group>"; };
		2C5AB71F2C39627C0026EA5A /* bgm5.wav */ = {isa = PBXFileReference; lastKnownFileType = audio.wav; path = bgm5.wav; sourceTree = "<group>"; };
		2C5AB7202C39627D0026EA5A /* bgm3.wav */ = {isa = PBXFileReference; lastKnownFileType = audio.wav; path = bgm3.wav; sourceTree = "<group>"; };
		2C5AB74F2C3992A80026EA5A /* candy_19.json */ = {isa = PBXFileReference; fileEncoding = 4; lastKnownFileType = text.json; path = candy_19.json; sourceTree = "<group>"; };
		2C5AB7502C3992A80026EA5A /* candy_7.json */ = {isa = PBXFileReference; fileEncoding = 4; lastKnownFileType = text.json; path = candy_7.json; sourceTree = "<group>"; };
		2C5AB7512C3992A80026EA5A /* candy_13.json */ = {isa = PBXFileReference; fileEncoding = 4; lastKnownFileType = text.json; path = candy_13.json; sourceTree = "<group>"; };
		2C5AB7522C3992A80026EA5A /* candy_14.json */ = {isa = PBXFileReference; fileEncoding = 4; lastKnownFileType = text.json; path = candy_14.json; sourceTree = "<group>"; };
		2C5AB7532C3992A80026EA5A /* candy_2.json */ = {isa = PBXFileReference; fileEncoding = 4; lastKnownFileType = text.json; path = candy_2.json; sourceTree = "<group>"; };
		2C5AB7542C3992A80026EA5A /* candy_6.json */ = {isa = PBXFileReference; fileEncoding = 4; lastKnownFileType = text.json; path = candy_6.json; sourceTree = "<group>"; };
		2C5AB7552C3992A80026EA5A /* candy_1.json */ = {isa = PBXFileReference; fileEncoding = 4; lastKnownFileType = text.json; path = candy_1.json; sourceTree = "<group>"; };
		2C5AB7562C3992A80026EA5A /* candy_11.json */ = {isa = PBXFileReference; fileEncoding = 4; lastKnownFileType = text.json; path = candy_11.json; sourceTree = "<group>"; };
		2C5AB7572C3992A80026EA5A /* candy_8.json */ = {isa = PBXFileReference; fileEncoding = 4; lastKnownFileType = text.json; path = candy_8.json; sourceTree = "<group>"; };
		2C5AB7582C3992A80026EA5A /* candy_3.json */ = {isa = PBXFileReference; fileEncoding = 4; lastKnownFileType = text.json; path = candy_3.json; sourceTree = "<group>"; };
		2C5AB7592C3992A80026EA5A /* candy_17.json */ = {isa = PBXFileReference; fileEncoding = 4; lastKnownFileType = text.json; path = candy_17.json; sourceTree = "<group>"; };
		2C5AB75A2C3992A90026EA5A /* candy_18.json */ = {isa = PBXFileReference; fileEncoding = 4; lastKnownFileType = text.json; path = candy_18.json; sourceTree = "<group>"; };
		2C5AB75B2C3992A90026EA5A /* candy_5.json */ = {isa = PBXFileReference; fileEncoding = 4; lastKnownFileType = text.json; path = candy_5.json; sourceTree = "<group>"; };
		2C5AB75C2C3992A90026EA5A /* candy_4.json */ = {isa = PBXFileReference; fileEncoding = 4; lastKnownFileType = text.json; path = candy_4.json; sourceTree = "<group>"; };
		2C5AB75D2C3992A90026EA5A /* candy_20.json */ = {isa = PBXFileReference; fileEncoding = 4; lastKnownFileType = text.json; path = candy_20.json; sourceTree = "<group>"; };
		2C5AB75E2C3992A90026EA5A /* candy_10.json */ = {isa = PBXFileReference; fileEncoding = 4; lastKnownFileType = text.json; path = candy_10.json; sourceTree = "<group>"; };
		2C5AB75F2C3992A90026EA5A /* candy_16.json */ = {isa = PBXFileReference; fileEncoding = 4; lastKnownFileType = text.json; path = candy_16.json; sourceTree = "<group>"; };
		2C5AB7602C3992A90026EA5A /* candy_9.json */ = {isa = PBXFileReference; fileEncoding = 4; lastKnownFileType = text.json; path = candy_9.json; sourceTree = "<group>"; };
		2C5AB7612C3992A90026EA5A /* candy_15.json */ = {isa = PBXFileReference; fileEncoding = 4; lastKnownFileType = text.json; path = candy_15.json; sourceTree = "<group>"; };
		2C5AB7622C3992A90026EA5A /* candy_12.json */ = {isa = PBXFileReference; fileEncoding = 4; lastKnownFileType = text.json; path = candy_12.json; sourceTree = "<group>"; };
		2C6104BB2C35B75200BFFCFF /* roundel-eat.json */ = {isa = PBXFileReference; fileEncoding = 4; lastKnownFileType = text.json; path = "roundel-eat.json"; sourceTree = "<group>"; };
		2C6104BD2C35B75900BFFCFF /* roundel-idle.json */ = {isa = PBXFileReference; fileEncoding = 4; lastKnownFileType = text.json; path = "roundel-idle.json"; sourceTree = "<group>"; };
		2C6104BF2C35B75F00BFFCFF /* roundel-walk_left.json */ = {isa = PBXFileReference; fileEncoding = 4; lastKnownFileType = text.json; path = "roundel-walk_left.json"; sourceTree = "<group>"; };
		2C6104C12C35B76500BFFCFF /* roundel-walk_right.json */ = {isa = PBXFileReference; fileEncoding = 4; lastKnownFileType = text.json; path = "roundel-walk_right.json"; sourceTree = "<group>"; };
		2C6104CA2C36BCFB00BFFCFF /* GameView.swift */ = {isa = PBXFileReference; lastKnownFileType = sourcecode.swift; path = GameView.swift; sourceTree = "<group>"; };
		2C6104CE2C36EBB600BFFCFF /* CharacterModel.swift */ = {isa = PBXFileReference; lastKnownFileType = sourcecode.swift; path = CharacterModel.swift; sourceTree = "<group>"; };
		2C6104D02C36EBEE00BFFCFF /* CharacterViewModel.swift */ = {isa = PBXFileReference; lastKnownFileType = sourcecode.swift; path = CharacterViewModel.swift; sourceTree = "<group>"; };
		2C6104D22C36F08800BFFCFF /* CandyModel.swift */ = {isa = PBXFileReference; lastKnownFileType = sourcecode.swift; path = CandyModel.swift; sourceTree = "<group>"; };
		2C6104D42C36F0AD00BFFCFF /* CandyViewModel.swift */ = {isa = PBXFileReference; lastKnownFileType = sourcecode.swift; path = CandyViewModel.swift; sourceTree = "<group>"; };
		2CC725172C403D32009A9491 /* data.json */ = {isa = PBXFileReference; fileEncoding = 4; lastKnownFileType = text.json; path = data.json; sourceTree = "<group>"; };
		2CC725192C403EDA009A9491 /* background.json */ = {isa = PBXFileReference; fileEncoding = 4; lastKnownFileType = text.json; path = background.json; sourceTree = "<group>"; };
		2CDE87802C36F99400AFB374 /* GameOverView.swift */ = {isa = PBXFileReference; lastKnownFileType = sourcecode.swift; path = GameOverView.swift; sourceTree = "<group>"; };
		2CDE87822C36FA6800AFB374 /* MenuView.swift */ = {isa = PBXFileReference; lastKnownFileType = sourcecode.swift; path = MenuView.swift; sourceTree = "<group>"; };
		2CDE87842C37059000AFB374 /* PauseView.swift */ = {isa = PBXFileReference; lastKnownFileType = sourcecode.swift; path = PauseView.swift; sourceTree = "<group>"; };
/* End PBXFileReference section */

/* Begin PBXFrameworksBuildPhase section */
		2C18BC2A2BBC157C0009A462 /* Frameworks */ = {
			isa = PBXFrameworksBuildPhase;
			buildActionMask = 2147483647;
			files = (
				2CAE287F2C3563A900E1EF5C /* Lottie in Frameworks */,
			);
			runOnlyForDeploymentPostprocessing = 0;
		};
/* End PBXFrameworksBuildPhase section */

/* Begin PBXGroup section */
		2C18BC242BBC157C0009A462 = {
			isa = PBXGroup;
			children = (
				2C18BC2F2BBC157C0009A462 /* Chubby Chowdown Sweet Delight Drop */,
				2C18BC2E2BBC157C0009A462 /* Products */,
			);
			sourceTree = "<group>";
		};
		2C18BC2E2BBC157C0009A462 /* Products */ = {
			isa = PBXGroup;
			children = (
				2C18BC2D2BBC157C0009A462 /* Chubby Chowdown Sweet Delight Drop.app */,
			);
			name = Products;
			sourceTree = "<group>";
		};
		2C18BC2F2BBC157C0009A462 /* Chubby Chowdown Sweet Delight Drop */ = {
			isa = PBXGroup;
			children = (
				2C18BC302BBC157C0009A462 /* Chubby_Chowdown_Sweet_Delight_DropApp.swift */,
				2CD82A112C3833DC00E2D4BC /* View */,
				2CD82A102C3833C300E2D4BC /* ViewModel */,
				2CD82A0F2C3833A900E2D4BC /* Model */,
				2C6104C52C36AA5D00BFFCFF /* resourses */,
				2C18BC362BBC157D0009A462 /* Preview Content */,
			);
			path = "Chubby Chowdown Sweet Delight Drop";
			sourceTree = "<group>";
		};
		2C18BC362BBC157D0009A462 /* Preview Content */ = {
			isa = PBXGroup;
			children = (
				2C18BC372BBC157D0009A462 /* Preview Assets.xcassets */,
			);
			path = "Preview Content";
			sourceTree = "<group>";
		};
		2C5AB7192C3962260026EA5A /* animation */ = {
			isa = PBXGroup;
			children = (
				2CC725172C403D32009A9491 /* data.json */,
				2C5AB7552C3992A80026EA5A /* candy_1.json */,
				2C5AB7532C3992A80026EA5A /* candy_2.json */,
				2C5AB7582C3992A80026EA5A /* candy_3.json */,
				2C5AB75C2C3992A90026EA5A /* candy_4.json */,
				2C5AB75B2C3992A90026EA5A /* candy_5.json */,
				2C5AB7542C3992A80026EA5A /* candy_6.json */,
				2C5AB7502C3992A80026EA5A /* candy_7.json */,
				2C5AB7572C3992A80026EA5A /* candy_8.json */,
				2C5AB7602C3992A90026EA5A /* candy_9.json */,
				2C5AB75E2C3992A90026EA5A /* candy_10.json */,
				2C5AB7562C3992A80026EA5A /* candy_11.json */,
				2C5AB7622C3992A90026EA5A /* candy_12.json */,
				2C5AB7512C3992A80026EA5A /* candy_13.json */,
				2C5AB7522C3992A80026EA5A /* candy_14.json */,
				2C5AB7612C3992A90026EA5A /* candy_15.json */,
				2C5AB75F2C3992A90026EA5A /* candy_16.json */,
				2C5AB7592C3992A80026EA5A /* candy_17.json */,
				2C5AB75A2C3992A90026EA5A /* candy_18.json */,
				2C5AB74F2C3992A80026EA5A /* candy_19.json */,
				2C5AB75D2C3992A90026EA5A /* candy_20.json */,
				2C6104BB2C35B75200BFFCFF /* roundel-eat.json */,
				2C6104BD2C35B75900BFFCFF /* roundel-idle.json */,
				2C6104BF2C35B75F00BFFCFF /* roundel-walk_left.json */,
				2C6104C12C35B76500BFFCFF /* roundel-walk_right.json */,
				2CC725192C403EDA009A9491 /* background.json */,
			);
			path = animation;
			sourceTree = "<group>";
		};
		2C5AB71A2C3962570026EA5A /* audio */ = {
			isa = PBXGroup;
			children = (
				2C20DAAA2C399CEC001B3A05 /* eat.wav */,
				2C5AB71C2C39627C0026EA5A /* bgm1.wav */,
				2C5AB71D2C39627C0026EA5A /* bgm2.wav */,
				2C5AB7202C39627D0026EA5A /* bgm3.wav */,
				2C5AB71E2C39627C0026EA5A /* bgm4.wav */,
				2C5AB71F2C39627C0026EA5A /* bgm5.wav */,
				2C5AB71B2C39627C0026EA5A /* bgm6.wav */,
			);
			path = audio;
			sourceTree = "<group>";
		};
		2C6104C52C36AA5D00BFFCFF /* resourses */ = {
			isa = PBXGroup;
			children = (
				2C5AB7192C3962260026EA5A /* animation */,
				2C5AB71A2C3962570026EA5A /* audio */,
				2C18BC402BC15EEF0009A462 /* Assets.xcassets */,
			);
			path = resourses;
			sourceTree = "<group>";
		};
		2CD82A0F2C3833A900E2D4BC /* Model */ = {
			isa = PBXGroup;
			children = (
				2C6104CE2C36EBB600BFFCFF /* CharacterModel.swift */,
				2C6104D22C36F08800BFFCFF /* CandyModel.swift */,
			);
			path = Model;
			sourceTree = "<group>";
		};
		2CD82A102C3833C300E2D4BC /* ViewModel */ = {
			isa = PBXGroup;
			children = (
				2C6104D02C36EBEE00BFFCFF /* CharacterViewModel.swift */,
				2C6104D42C36F0AD00BFFCFF /* CandyViewModel.swift */,
				2C5AB7172C3960880026EA5A /* SoundManager.swift */,
			);
			path = ViewModel;
			sourceTree = "<group>";
		};
		2CD82A112C3833DC00E2D4BC /* View */ = {
			isa = PBXGroup;
			children = (
				2C18BC322BBC157C0009A462 /* ContentView.swift */,
				2C6104CA2C36BCFB00BFFCFF /* GameView.swift */,
				2CDE87822C36FA6800AFB374 /* MenuView.swift */,
				2CDE87842C37059000AFB374 /* PauseView.swift */,
				2CDE87802C36F99400AFB374 /* GameOverView.swift */,
			);
			path = View;
			sourceTree = "<group>";
		};
/* End PBXGroup section */

/* Begin PBXNativeTarget section */
		2C18BC2C2BBC157C0009A462 /* Chubby Chowdown Sweet Delight Drop */ = {
			isa = PBXNativeTarget;
			buildConfigurationList = 2C18BC3B2BBC157D0009A462 /* Build configuration list for PBXNativeTarget "Chubby Chowdown Sweet Delight Drop" */;
			buildPhases = (
				2C18BC292BBC157C0009A462 /* Sources */,
				2C18BC2A2BBC157C0009A462 /* Frameworks */,
				2C18BC2B2BBC157C0009A462 /* Resources */,
			);
			buildRules = (
			);
			dependencies = (
			);
			name = "Chubby Chowdown Sweet Delight Drop";
			packageProductDependencies = (
				2CAE287E2C3563A900E1EF5C /* Lottie */,
			);
			productName = "Chubby Chowdown Sweet Delight Drop";
			productReference = 2C18BC2D2BBC157C0009A462 /* Chubby Chowdown Sweet Delight Drop.app */;
			productType = "com.apple.product-type.application";
		};
/* End PBXNativeTarget section */

/* Begin PBXProject section */
		2C18BC252BBC157C0009A462 /* Project object */ = {
			isa = PBXProject;
			attributes = {
				BuildIndependentTargetsInParallel = 1;
				LastSwiftUpdateCheck = 1500;
				LastUpgradeCheck = 1500;
				TargetAttributes = {
					2C18BC2C2BBC157C0009A462 = {
						CreatedOnToolsVersion = 15.0;
					};
				};
			};
			buildConfigurationList = 2C18BC282BBC157C0009A462 /* Build configuration list for PBXProject "Chubby Chowdown Sweet Delight Drop" */;
			compatibilityVersion = "Xcode 14.0";
			developmentRegion = en;
			hasScannedForEncodings = 0;
			knownRegions = (
				en,
				Base,
			);
			mainGroup = 2C18BC242BBC157C0009A462;
			packageReferences = (
				2CAE287D2C3563A900E1EF5C /* XCRemoteSwiftPackageReference "lottie-ios" */,
			);
			productRefGroup = 2C18BC2E2BBC157C0009A462 /* Products */;
			projectDirPath = "";
			projectRoot = "";
			targets = (
				2C18BC2C2BBC157C0009A462 /* Chubby Chowdown Sweet Delight Drop */,
			);
		};
/* End PBXProject section */

/* Begin PBXResourcesBuildPhase section */
		2C18BC2B2BBC157C0009A462 /* Resources */ = {
			isa = PBXResourcesBuildPhase;
			buildActionMask = 2147483647;
			files = (
				2C5AB7242C39627D0026EA5A /* bgm4.wav in Resources */,
				2C5AB7232C39627D0026EA5A /* bgm2.wav in Resources */,
				2C5AB7682C3992A90026EA5A /* candy_6.json in Resources */,
				2C6104C22C35B76500BFFCFF /* roundel-walk_right.json in Resources */,
				2C5AB7632C3992A90026EA5A /* candy_19.json in Resources */,
				2CC7251A2C403EDA009A9491 /* background.json in Resources */,
				2C5AB7722C3992A90026EA5A /* candy_10.json in Resources */,
				2C5AB7672C3992A90026EA5A /* candy_2.json in Resources */,
				2CC725182C403D32009A9491 /* data.json in Resources */,
				2C5AB76E2C3992A90026EA5A /* candy_18.json in Resources */,
				2C5AB7752C3992A90026EA5A /* candy_15.json in Resources */,
				2C5AB7742C3992A90026EA5A /* candy_9.json in Resources */,
				2C5AB7692C3992A90026EA5A /* candy_1.json in Resources */,
				2C5AB7262C39627D0026EA5A /* bgm3.wav in Resources */,
				2C5AB7252C39627D0026EA5A /* bgm5.wav in Resources */,
				2C5AB76B2C3992A90026EA5A /* candy_8.json in Resources */,
				2C5AB7652C3992A90026EA5A /* candy_13.json in Resources */,
				2C5AB7702C3992A90026EA5A /* candy_4.json in Resources */,
				2C5AB7642C3992A90026EA5A /* candy_7.json in Resources */,
				2C6104BC2C35B75200BFFCFF /* roundel-eat.json in Resources */,
				2C20DAAB2C399CEC001B3A05 /* eat.wav in Resources */,
				2C6104BE2C35B75900BFFCFF /* roundel-idle.json in Resources */,
				2C5AB76C2C3992A90026EA5A /* candy_3.json in Resources */,
				2C5AB76F2C3992A90026EA5A /* candy_5.json in Resources */,
				2C5AB7212C39627D0026EA5A /* bgm6.wav in Resources */,
				2C5AB7662C3992A90026EA5A /* candy_14.json in Resources */,
				2C5AB7732C3992A90026EA5A /* candy_16.json in Resources */,
				2C18BC412BC15EEF0009A462 /* Assets.xcassets in Resources */,
				2C5AB76D2C3992A90026EA5A /* candy_17.json in Resources */,
				2C5AB7222C39627D0026EA5A /* bgm1.wav in Resources */,
				2C5AB7762C3992A90026EA5A /* candy_12.json in Resources */,
				2C6104C02C35B75F00BFFCFF /* roundel-walk_left.json in Resources */,
				2C5AB7712C3992A90026EA5A /* candy_20.json in Resources */,
				2C5AB76A2C3992A90026EA5A /* candy_11.json in Resources */,
				2C18BC382BBC157D0009A462 /* Preview Assets.xcassets in Resources */,
			);
			runOnlyForDeploymentPostprocessing = 0;
		};
/* End PBXResourcesBuildPhase section */

/* Begin PBXSourcesBuildPhase section */
		2C18BC292BBC157C0009A462 /* Sources */ = {
			isa = PBXSourcesBuildPhase;
			buildActionMask = 2147483647;
			files = (
				2C18BC332BBC157C0009A462 /* ContentView.swift in Sources */,
				2C6104D52C36F0AD00BFFCFF /* CandyViewModel.swift in Sources */,
				2C6104D12C36EBEE00BFFCFF /* CharacterViewModel.swift in Sources */,
				2C6104CF2C36EBB600BFFCFF /* CharacterModel.swift in Sources */,
				2CDE87832C36FA6800AFB374 /* MenuView.swift in Sources */,
				2C6104D32C36F08800BFFCFF /* CandyModel.swift in Sources */,
				2C18BC312BBC157C0009A462 /* Chubby_Chowdown_Sweet_Delight_DropApp.swift in Sources */,
				2CDE87852C37059000AFB374 /* PauseView.swift in Sources */,
				2CDE87812C36F99400AFB374 /* GameOverView.swift in Sources */,
				2C5AB7182C3960880026EA5A /* SoundManager.swift in Sources */,
				2C6104CB2C36BCFB00BFFCFF /* GameView.swift in Sources */,
			);
			runOnlyForDeploymentPostprocessing = 0;
		};
/* End PBXSourcesBuildPhase section */

/* Begin XCBuildConfiguration section */
		2C18BC392BBC157D0009A462 /* Debug */ = {
			isa = XCBuildConfiguration;
			buildSettings = {
				ALWAYS_SEARCH_USER_PATHS = NO;
				ASSETCATALOG_COMPILER_GENERATE_SWIFT_ASSET_SYMBOL_EXTENSIONS = YES;
				CLANG_ANALYZER_NONNULL = YES;
				CLANG_ANALYZER_NUMBER_OBJECT_CONVERSION = YES_AGGRESSIVE;
				CLANG_CXX_LANGUAGE_STANDARD = "gnu++20";
				CLANG_ENABLE_MODULES = YES;
				CLANG_ENABLE_OBJC_ARC = YES;
				CLANG_ENABLE_OBJC_WEAK = YES;
				CLANG_WARN_BLOCK_CAPTURE_AUTORELEASING = YES;
				CLANG_WARN_BOOL_CONVERSION = YES;
				CLANG_WARN_COMMA = YES;
				CLANG_WARN_CONSTANT_CONVERSION = YES;
				CLANG_WARN_DEPRECATED_OBJC_IMPLEMENTATIONS = YES;
				CLANG_WARN_DIRECT_OBJC_ISA_USAGE = YES_ERROR;
				CLANG_WARN_DOCUMENTATION_COMMENTS = YES;
				CLANG_WARN_EMPTY_BODY = YES;
				CLANG_WARN_ENUM_CONVERSION = YES;
				CLANG_WARN_INFINITE_RECURSION = YES;
				CLANG_WARN_INT_CONVERSION = YES;
				CLANG_WARN_NON_LITERAL_NULL_CONVERSION = YES;
				CLANG_WARN_OBJC_IMPLICIT_RETAIN_SELF = YES;
				CLANG_WARN_OBJC_LITERAL_CONVERSION = YES;
				CLANG_WARN_OBJC_ROOT_CLASS = YES_ERROR;
				CLANG_WARN_QUOTED_INCLUDE_IN_FRAMEWORK_HEADER = YES;
				CLANG_WARN_RANGE_LOOP_ANALYSIS = YES;
				CLANG_WARN_STRICT_PROTOTYPES = YES;
				CLANG_WARN_SUSPICIOUS_MOVE = YES;
				CLANG_WARN_UNGUARDED_AVAILABILITY = YES_AGGRESSIVE;
				CLANG_WARN_UNREACHABLE_CODE = YES;
				CLANG_WARN__DUPLICATE_METHOD_MATCH = YES;
				COPY_PHASE_STRIP = NO;
				DEBUG_INFORMATION_FORMAT = dwarf;
				ENABLE_STRICT_OBJC_MSGSEND = YES;
				ENABLE_TESTABILITY = YES;
				ENABLE_USER_SCRIPT_SANDBOXING = YES;
				GCC_C_LANGUAGE_STANDARD = gnu17;
				GCC_DYNAMIC_NO_PIC = NO;
				GCC_NO_COMMON_BLOCKS = YES;
				GCC_OPTIMIZATION_LEVEL = 0;
				GCC_PREPROCESSOR_DEFINITIONS = (
					"DEBUG=1",
					"$(inherited)",
				);
				GCC_WARN_64_TO_32_BIT_CONVERSION = YES;
				GCC_WARN_ABOUT_RETURN_TYPE = YES_ERROR;
				GCC_WARN_UNDECLARED_SELECTOR = YES;
				GCC_WARN_UNINITIALIZED_AUTOS = YES_AGGRESSIVE;
				GCC_WARN_UNUSED_FUNCTION = YES;
				GCC_WARN_UNUSED_VARIABLE = YES;
				IPHONEOS_DEPLOYMENT_TARGET = 17.0;
				LOCALIZATION_PREFERS_STRING_CATALOGS = YES;
				MTL_ENABLE_DEBUG_INFO = INCLUDE_SOURCE;
				MTL_FAST_MATH = YES;
				ONLY_ACTIVE_ARCH = YES;
				SDKROOT = iphoneos;
				SWIFT_ACTIVE_COMPILATION_CONDITIONS = "DEBUG $(inherited)";
				SWIFT_OPTIMIZATION_LEVEL = "-Onone";
			};
			name = Debug;
		};
		2C18BC3A2BBC157D0009A462 /* Release */ = {
			isa = XCBuildConfiguration;
			buildSettings = {
				ALWAYS_SEARCH_USER_PATHS = NO;
				ASSETCATALOG_COMPILER_GENERATE_SWIFT_ASSET_SYMBOL_EXTENSIONS = YES;
				CLANG_ANALYZER_NONNULL = YES;
				CLANG_ANALYZER_NUMBER_OBJECT_CONVERSION = YES_AGGRESSIVE;
				CLANG_CXX_LANGUAGE_STANDARD = "gnu++20";
				CLANG_ENABLE_MODULES = YES;
				CLANG_ENABLE_OBJC_ARC = YES;
				CLANG_ENABLE_OBJC_WEAK = YES;
				CLANG_WARN_BLOCK_CAPTURE_AUTORELEASING = YES;
				CLANG_WARN_BOOL_CONVERSION = YES;
				CLANG_WARN_COMMA = YES;
				CLANG_WARN_CONSTANT_CONVERSION = YES;
				CLANG_WARN_DEPRECATED_OBJC_IMPLEMENTATIONS = YES;
				CLANG_WARN_DIRECT_OBJC_ISA_USAGE = YES_ERROR;
				CLANG_WARN_DOCUMENTATION_COMMENTS = YES;
				CLANG_WARN_EMPTY_BODY = YES;
				CLANG_WARN_ENUM_CONVERSION = YES;
				CLANG_WARN_INFINITE_RECURSION = YES;
				CLANG_WARN_INT_CONVERSION = YES;
				CLANG_WARN_NON_LITERAL_NULL_CONVERSION = YES;
				CLANG_WARN_OBJC_IMPLICIT_RETAIN_SELF = YES;
				CLANG_WARN_OBJC_LITERAL_CONVERSION = YES;
				CLANG_WARN_OBJC_ROOT_CLASS = YES_ERROR;
				CLANG_WARN_QUOTED_INCLUDE_IN_FRAMEWORK_HEADER = YES;
				CLANG_WARN_RANGE_LOOP_ANALYSIS = YES;
				CLANG_WARN_STRICT_PROTOTYPES = YES;
				CLANG_WARN_SUSPICIOUS_MOVE = YES;
				CLANG_WARN_UNGUARDED_AVAILABILITY = YES_AGGRESSIVE;
				CLANG_WARN_UNREACHABLE_CODE = YES;
				CLANG_WARN__DUPLICATE_METHOD_MATCH = YES;
				COPY_PHASE_STRIP = NO;
				DEBUG_INFORMATION_FORMAT = "dwarf-with-dsym";
				ENABLE_NS_ASSERTIONS = NO;
				ENABLE_STRICT_OBJC_MSGSEND = YES;
				ENABLE_USER_SCRIPT_SANDBOXING = YES;
				GCC_C_LANGUAGE_STANDARD = gnu17;
				GCC_NO_COMMON_BLOCKS = YES;
				GCC_WARN_64_TO_32_BIT_CONVERSION = YES;
				GCC_WARN_ABOUT_RETURN_TYPE = YES_ERROR;
				GCC_WARN_UNDECLARED_SELECTOR = YES;
				GCC_WARN_UNINITIALIZED_AUTOS = YES_AGGRESSIVE;
				GCC_WARN_UNUSED_FUNCTION = YES;
				GCC_WARN_UNUSED_VARIABLE = YES;
				IPHONEOS_DEPLOYMENT_TARGET = 17.0;
				LOCALIZATION_PREFERS_STRING_CATALOGS = YES;
				MTL_ENABLE_DEBUG_INFO = NO;
				MTL_FAST_MATH = YES;
				SDKROOT = iphoneos;
				SWIFT_COMPILATION_MODE = wholemodule;
				VALIDATE_PRODUCT = YES;
			};
			name = Release;
		};
		2C18BC3C2BBC157D0009A462 /* Debug */ = {
			isa = XCBuildConfiguration;
			buildSettings = {
				ASSETCATALOG_COMPILER_APPICON_NAME = AppIcon;
				ASSETCATALOG_COMPILER_GLOBAL_ACCENT_COLOR_NAME = AccentColor;
				CODE_SIGN_STYLE = Automatic;
				CURRENT_PROJECT_VERSION = 1;
				DEVELOPMENT_ASSET_PATHS = "\"Chubby Chowdown Sweet Delight Drop/Preview Content\"";
				DEVELOPMENT_TEAM = GRB7RT55N2;
				ENABLE_PREVIEWS = YES;
				GENERATE_INFOPLIST_FILE = YES;
				INFOPLIST_KEY_UIApplicationSceneManifest_Generation = YES;
				INFOPLIST_KEY_UIApplicationSupportsIndirectInputEvents = YES;
				INFOPLIST_KEY_UILaunchScreen_Generation = YES;
				INFOPLIST_KEY_UISupportedInterfaceOrientations_iPad = "UIInterfaceOrientationPortrait UIInterfaceOrientationPortraitUpsideDown UIInterfaceOrientationLandscapeLeft UIInterfaceOrientationLandscapeRight";
				INFOPLIST_KEY_UISupportedInterfaceOrientations_iPhone = "UIInterfaceOrientationPortrait UIInterfaceOrientationLandscapeLeft UIInterfaceOrientationLandscapeRight";
				IPHONEOS_DEPLOYMENT_TARGET = 16.0;
				LD_RUNPATH_SEARCH_PATHS = (
					"$(inherited)",
					"@executable_path/Frameworks",
				);
				MARKETING_VERSION = 1.0;
				PRODUCT_BUNDLE_IDENTIFIER = "ivan-elonov.Chubby-Chowdown-Sweet-Delight-Drop";
				PRODUCT_NAME = "$(TARGET_NAME)";
				SWIFT_EMIT_LOC_STRINGS = YES;
				SWIFT_VERSION = 5.0;
				TARGETED_DEVICE_FAMILY = "1,2";
			};
			name = Debug;
		};
		2C18BC3D2BBC157D0009A462 /* Release */ = {
			isa = XCBuildConfiguration;
			buildSettings = {
				ASSETCATALOG_COMPILER_APPICON_NAME = AppIcon;
				ASSETCATALOG_COMPILER_GLOBAL_ACCENT_COLOR_NAME = AccentColor;
				CODE_SIGN_STYLE = Automatic;
				CURRENT_PROJECT_VERSION = 1;
				DEVELOPMENT_ASSET_PATHS = "\"Chubby Chowdown Sweet Delight Drop/Preview Content\"";
				DEVELOPMENT_TEAM = GRB7RT55N2;
				ENABLE_PREVIEWS = YES;
				GENERATE_INFOPLIST_FILE = YES;
				INFOPLIST_KEY_UIApplicationSceneManifest_Generation = YES;
				INFOPLIST_KEY_UIApplicationSupportsIndirectInputEvents = YES;
				INFOPLIST_KEY_UILaunchScreen_Generation = YES;
				INFOPLIST_KEY_UISupportedInterfaceOrientations_iPad = "UIInterfaceOrientationPortrait UIInterfaceOrientationPortraitUpsideDown UIInterfaceOrientationLandscapeLeft UIInterfaceOrientationLandscapeRight";
				INFOPLIST_KEY_UISupportedInterfaceOrientations_iPhone = "UIInterfaceOrientationPortrait UIInterfaceOrientationLandscapeLeft UIInterfaceOrientationLandscapeRight";
				IPHONEOS_DEPLOYMENT_TARGET = 16.0;
				LD_RUNPATH_SEARCH_PATHS = (
					"$(inherited)",
					"@executable_path/Frameworks",
				);
				MARKETING_VERSION = 1.0;
				PRODUCT_BUNDLE_IDENTIFIER = "ivan-elonov.Chubby-Chowdown-Sweet-Delight-Drop";
				PRODUCT_NAME = "$(TARGET_NAME)";
				SWIFT_EMIT_LOC_STRINGS = YES;
				SWIFT_VERSION = 5.0;
				TARGETED_DEVICE_FAMILY = "1,2";
			};
			name = Release;
		};
/* End XCBuildConfiguration section */

/* Begin XCConfigurationList section */
		2C18BC282BBC157C0009A462 /* Build configuration list for PBXProject "Chubby Chowdown Sweet Delight Drop" */ = {
			isa = XCConfigurationList;
			buildConfigurations = (
				2C18BC392BBC157D0009A462 /* Debug */,
				2C18BC3A2BBC157D0009A462 /* Release */,
			);
			defaultConfigurationIsVisible = 0;
			defaultConfigurationName = Release;
		};
		2C18BC3B2BBC157D0009A462 /* Build configuration list for PBXNativeTarget "Chubby Chowdown Sweet Delight Drop" */ = {
			isa = XCConfigurationList;
			buildConfigurations = (
				2C18BC3C2BBC157D0009A462 /* Debug */,
				2C18BC3D2BBC157D0009A462 /* Release */,
			);
			defaultConfigurationIsVisible = 0;
			defaultConfigurationName = Release;
		};
/* End XCConfigurationList section */

/* Begin XCRemoteSwiftPackageReference section */
		2CAE287D2C3563A900E1EF5C /* XCRemoteSwiftPackageReference "lottie-ios" */ = {
			isa = XCRemoteSwiftPackageReference;
			repositoryURL = "https://github.com/airbnb/lottie-ios.git";
			requirement = {
				kind = upToNextMajorVersion;
				minimumVersion = 4.4.3;
			};
		};
/* End XCRemoteSwiftPackageReference section */

/* Begin XCSwiftPackageProductDependency section */
		2CAE287E2C3563A900E1EF5C /* Lottie */ = {
			isa = XCSwiftPackageProductDependency;
			package = 2CAE287D2C3563A900E1EF5C /* XCRemoteSwiftPackageReference "lottie-ios" */;
			productName = Lottie;
		};
/* End XCSwiftPackageProductDependency section */
	};
	rootObject = 2C18BC252BBC157C0009A462 /* Project object */;
}
